PODS:
  - VBotPhoneSDKiOS-Public (1.1.0)

DEPENDENCIES:
  - VBotPhoneSDKiOS-Public (= 1.1.0)

SPEC REPOS:
  https://github.com/CocoaPods/Specs.git:
    - VBotPhoneSDKiOS-Public

SPEC CHECKSUMS:
  VBotPhoneSDKiOS-Public: 254b7c65787f00d74cc6e5a4867da84e72a247b7

PODFILE CHECKSUM: 4ad75b1c7b0b30315773924ba4df07b87d298bc0

COCOAPODS: 1.16.2
